entgo.io/ent v0.12.3 h1:N5lO2EOrHpCH5HYfiMOCHYbo+oh5M8GjT0/cx5x6xkk=
entgo.io/ent v0.12.3/go.mod h1:AigGGx+tbrBBYHAzGOg8ND661E5cxx1Uiu5o/otJ6Yg=
github.com/DATA-DOG/go-sqlmock v1.5.0 h1:Shsta01QNfFxHCfpW6YH2STWB0MudeXXEWMr20OEh60=
github.com/aliyun/alibaba-cloud-sdk-go v1.62.371 h1:dgWYqwbe/+QiM/+J7xlIj0vXse1z3V9HRIYVLz0VF+I=
github.com/aliyun/alibaba-cloud-sdk-go v1.62.371/go.mod h1:Api2AkmMgGaSUAhmk76oaFObkoeCPc/bKAqcyplPODs=
github.com/benbjohnson/clock v1.1.0 h1:Q92kusRqC1XV2MjkWETPvjJVqKetz1OzxZB7mHJLju8=
github.com/bsm/ginkgo/v2 v2.7.0 h1:ItPMPH90RbmZJt5GtkcNvIRuGEdwlBItdNVoyzaNQao=
github.com/bsm/gomega v1.26.0 h1:LhQm+AFcgV2M0WyKroMASzAzCAJVpAxQXv4SaI9a69Y=
github.com/bytedance/sonic v1.5.0/go.mod h1:ED5hyg4y6t3/9Ku1R6dU/4KyJ48DZ4jPhfY1O2AihPM=
github.com/bytedance/sonic v1.8.0 h1:ea0Xadu+sHlu7x5O3gKhRpQ1IKiMrSiHttPF0ybECuA=
github.com/bytedance/sonic v1.8.0/go.mod h1:i736AoUSYt75HyZLoJW9ERYxcy6eaN6h4BZXU064P/U=
github.com/cespare/xxhash/v2 v2.2.0 h1:DC2CZ1Ep5Y4k3ZQ899DldepgrayRUGE6BBZ/cd9Cj44=
github.com/cespare/xxhash/v2 v2.2.0/go.mod h1:VGX0DQ3Q6kWi7AoAeZDth3/j3BFtOZR5XLFGgcrjCOs=
github.com/chenzhuoyu/base64x v0.0.0-20211019084208-fb5309c8db06/go.mod h1:DH46F32mSOjUmXrMHnKwZdA8wcEefY7UVqBKYGjpdQY=
github.com/chenzhuoyu/base64x v0.0.0-20221115062448-fe3a3abad311 h1:qSGYFH7+jGhDF8vLC+iwCD4WpbV1EBDSzWkJODFLams=
github.com/chenzhuoyu/base64x v0.0.0-20221115062448-fe3a3abad311/go.mod h1:b583jCggY9gE99b6G5LEC39OIiVsWj+R97kbl5odCEk=
github.com/cpuguy83/go-md2man/v2 v2.0.2/go.mod h1:tgQtvFlXSQOSOSIRvRPT7W67SCa46tRHOmNcaadrF8o=
github.com/davecgh/go-spew v1.1.0/go.mod h1:J7Y8YcW2NihsgmVo/mv3lAwl/skON4iLHjSsI+c5H38=
github.com/davecgh/go-spew v1.1.1 h1:vj9j/u1bqnvCEfJOwUhtlOARqs3+rkHYY13jYWTU97c=
github.com/davecgh/go-spew v1.1.1/go.mod h1:J7Y8YcW2NihsgmVo/mv3lAwl/skON4iLHjSsI+c5H38=
github.com/dgryski/go-rendezvous v0.0.0-20200823014737-9f7001d12a5f h1:lO4WD4F/rVNCu3HqELle0jiPLLBs70cWOduZpkS1E78=
github.com/dgryski/go-rendezvous v0.0.0-20200823014737-9f7001d12a5f/go.mod h1:cuUVRXasLTGF7a8hSLbxyZXjz+1KgoB3wDUb6vlszIc=
github.com/frankban/quicktest v1.14.3 h1:FJKSZTDHjyhriyC81FLQ0LY93eSai0ZyR/ZIkd3ZUKE=
github.com/fvbock/endless v0.0.0-20170109170031-447134032cb6 h1:6VSn3hB5U5GeA6kQw4TwWIWbOhtvR2hmbBJnTOtqTWc=
github.com/fvbock/endless v0.0.0-20170109170031-447134032cb6/go.mod h1:YxOVT5+yHzKvwhsiSIWmbAYM3Dr9AEEbER2dVayfBkg=
github.com/gin-contrib/sse v0.1.0 h1:Y/yl/+YNO8GZSjAhjMsSuLt29uWRFHdHYUb5lYOV9qE=
github.com/gin-contrib/sse v0.1.0/go.mod h1:RHrZQHXnP2xjPF+u1gW/2HnVO7nvIa9PG3Gm+fLHvGI=
github.com/gin-gonic/gin v1.9.0 h1:OjyFBKICoexlu99ctXNR2gg+c5pKrKMuyjgARg9qeY8=
github.com/gin-gonic/gin v1.9.0/go.mod h1:W1Me9+hsUSyj3CePGrd1/QrKJMSJ1Tu/0hFEH89961k=
github.com/go-pay/gopay v1.5.93 h1:SWlTqZfbvnVCbTk0bsOacVH67Y6C0E/lbm9ZdmnATHY=
github.com/go-pay/gopay v1.5.93/go.mod h1:ysqmM/821K9ch1/kAHsE8gEeSDiamY5vk3NllKB4kgE=
github.com/go-playground/assert/v2 v2.2.0 h1:JvknZsQTYeFEAhQwI4qEt9cyV5ONwRHC+lYKSsYSR8s=
github.com/go-playground/locales v0.14.1 h1:EWaQ/wswjilfKLTECiXz7Rh+3BjFhfDFKv/oXslEjJA=
github.com/go-playground/locales v0.14.1/go.mod h1:hxrqLVvrK65+Rwrd5Fc6F2O76J/NuW9t0sjnWqG1slY=
github.com/go-playground/universal-translator v0.18.1 h1:Bcnm0ZwsGyWbCzImXv+pAJnYK9S473LQFuzCbDbfSFY=
github.com/go-playground/universal-translator v0.18.1/go.mod h1:xekY+UJKNuX9WP91TpwSH2VMlDf28Uj24BCp08ZFTUY=
github.com/go-playground/validator/v10 v10.11.2 h1:q3SHpufmypg+erIExEKUmsgmhDTyhcJ38oeKGACXohU=
github.com/go-playground/validator/v10 v10.11.2/go.mod h1:NieE624vt4SCTJtD87arVLvdmjPAeV8BQlHtMnw9D7s=
github.com/goccy/go-json v0.10.0 h1:mXKd9Qw4NuzShiRlOXKews24ufknHO7gx30lsDyokKA=
github.com/goccy/go-json v0.10.0/go.mod h1:6MelG93GURQebXPDq3khkgXZkazVtN9CRI+MGFi0w8I=
github.com/goji/httpauth v0.0.0-20160601135302-2da839ab0f4d/go.mod h1:nnjvkQ9ptGaCkuDUx6wNykzzlUixGxvkme+H/lnzb+A=
github.com/golang-jwt/jwt/v5 v5.0.0 h1:1n1XNM9hk7O9mnQoNBGolZvzebBQ7p93ULHRc28XJUE=
github.com/golang-jwt/jwt/v5 v5.0.0/go.mod h1:pqrtFR0X4osieyHYxtmOUWsAWrfe1Q5UVIyoH402zdk=
github.com/golang/freetype v0.0.0-20170609003504-e2365dfdc4a0 h1:DACJavvAHhabrF08vX0COfcOBJRhZ8lUbR+ZWIs0Y5g=
github.com/golang/freetype v0.0.0-20170609003504-e2365dfdc4a0/go.mod h1:E/TSTwGwJL78qG/PmXZO1EjYhfJinVAhrmmHX6Z8B9k=
github.com/golang/protobuf v1.5.0/go.mod h1:FsONVRAS9T7sI+LIUmWTfcYkHO4aIWwzhcaSAoJOfIk=
github.com/golang/snappy v0.0.1 h1:Qgr9rKW7uDUkrbSmQeiDsGa8SjGyCOGtuasMWwvp2P4=
github.com/golang/snappy v0.0.1/go.mod h1:/XxbfmMg8lxefKM7IXC3fBNl/7bRcc72aCRzEWrmP2Q=
github.com/google/go-cmp v0.5.5/go.mod h1:v8dTdLbMG2kIc/vJvl+f65V22dbkXbowE6jgT/gNBxE=
github.com/google/go-cmp v0.5.9 h1:O2Tfq5qg4qc4AmwVlvv0oLiVAGB7enBSJ2x2DqQFi38=
github.com/google/go-cmp v0.5.9/go.mod h1:17dUlkBOakJ0+DkrSSNjCkIjxS6bF9zb3elmeNGIjoY=
github.com/google/gofuzz v1.0.0/go.mod h1:dBl0BpW6vV/+mYPU4Po3pmUjxk6FQPldtuIdl/M65Eg=
github.com/google/uuid v1.3.0 h1:t6JiXgmwXMjEs8VusXIJk2BXHsn+wx8BZdTaoZ5fu7I=
github.com/google/uuid v1.3.0/go.mod h1:TIyPZe4MgqvfeYDBFedMoGGpEw/LqOeaOT+nhxU+yHo=
github.com/inconshreveable/mousetrap v1.1.0 h1:wN+x4NVGpMsO7ErUn/mUI3vEoE6Jt13X2s0bqwp9tc8=
github.com/inconshreveable/mousetrap v1.1.0/go.mod h1:vpF70FUmC8bwa3OWnCshd2FqLfsEA9PFc4w1p2J65bw=
github.com/jmespath/go-jmespath v0.0.0-20180206201540-c2b33e8439af h1:pmfjZENx5imkbgOkpRUYLnmbU7UEFbjtDA2hxJ1ichM=
github.com/jmespath/go-jmespath v0.0.0-20180206201540-c2b33e8439af/go.mod h1:Nht3zPeWKUH0NzdCt2Blrr5ys8VGpn0CEB0cQHVjt7k=
github.com/json-iterator/go v1.1.5/go.mod h1:+SdeFBvtyEkXs7REEP0seUULqWtbJapLOCVDaaPEHmU=
github.com/json-iterator/go v1.1.12 h1:PV8peI4a0ysnczrg+LtxykD8LfKY9ML6u2jnxaEnrnM=
github.com/json-iterator/go v1.1.12/go.mod h1:e30LSqwooZae/UwlEbR2852Gd8hjQvJoHmT4TnhNGBo=
github.com/klauspost/cpuid/v2 v2.0.9 h1:lgaqFMSdTdQYdZ04uHyN2d/eKdOMyi2YLSvlQIBFYa4=
github.com/klauspost/cpuid/v2 v2.0.9/go.mod h1:FInQzS24/EEf25PyTYn52gqo7WaD8xa0213Md/qVLRg=
github.com/kr/pretty v0.1.0/go.mod h1:dAy3ld7l9f0ibDNOQOHHMYYIIbhfbHSm3C4ZsoJORNo=
github.com/kr/pretty v0.3.0 h1:WgNl7dwNpEZ6jJ9k1snq4pZsg7DOEN8hP9Xw0Tsjwk0=
github.com/kr/pty v1.1.1/go.mod h1:pFQYn66WHrOpPYNljwOMqo10TkYh1fy3cYio2l3bCsQ=
github.com/kr/text v0.1.0/go.mod h1:4Jbv+DJW3UT/LiOwJeYQe1efqtUx/iVham/4vfdArNI=
github.com/kr/text v0.2.0 h1:5Nx0Ya0ZqY2ygV366QzturHI13Jq95ApcVaJBhpS+AY=
github.com/leodido/go-urn v1.2.1 h1:BqpAaACuzVSgi/VLzGZIobT2z4v53pjosyNd9Yv6n/w=
github.com/leodido/go-urn v1.2.1/go.mod h1:zt4jvISO2HfUBqxjfIshjdMTYS56ZS/qv49ictyFfxY=
github.com/mattn/go-isatty v0.0.17 h1:BTarxUcIeDqL27Mc+vyvdWYSL28zpIhv3RoTdsLMPng=
github.com/mattn/go-isatty v0.0.17/go.mod h1:kYGgaQfpe5nmfYZH+SKPsOc2e4SrIfOl2e/yFXSvRLM=
github.com/modern-go/concurrent v0.0.0-20180228061459-e0a39a4cb421/go.mod h1:6dJC0mAP4ikYIbvyc7fijjWJddQyLn8Ig3JB5CqoB9Q=
github.com/modern-go/concurrent v0.0.0-20180306012644-bacd9c7ef1dd h1:TRLaZ9cD/w8PVh93nsPXa1VrQ6jlwL5oN8l14QlcNfg=
github.com/modern-go/concurrent v0.0.0-20180306012644-bacd9c7ef1dd/go.mod h1:6dJC0mAP4ikYIbvyc7fijjWJddQyLn8Ig3JB5CqoB9Q=
github.com/modern-go/reflect2 v1.0.1/go.mod h1:bx2lNnkwVCuqBIxFjflWJWanXIb3RllmbCylyMrvgv0=
github.com/modern-go/reflect2 v1.0.2 h1:xBagoLtFs94CBntxluKeaWgTMpvLxC4ur3nMaC9Gz0M=
github.com/modern-go/reflect2 v1.0.2/go.mod h1:yWuevngMOJpCy52FWWMvUC8ws7m/LJsjYzDa0/r8luk=
github.com/mojocn/base64Captcha v1.3.5 h1:Qeilr7Ta6eDtG4S+tQuZ5+hO+QHbiGAJdi4PfoagaA0=
github.com/mojocn/base64Captcha v1.3.5/go.mod h1:/tTTXn4WTpX9CfrmipqRytCpJ27Uw3G6I7NcP2WwcmY=
github.com/nsqio/go-nsq v1.1.0 h1:PQg+xxiUjA7V+TLdXw7nVrJ5Jbl3sN86EhGCQj4+FYE=
github.com/nsqio/go-nsq v1.1.0/go.mod h1:vKq36oyeVXgsS5Q8YEO7WghqidAVXQlcFxzQbQTuDEY=
github.com/opentracing/opentracing-go v1.2.1-0.20220228012449-10b1cf09e00b h1:FfH+VrHHk6Lxt9HdVS0PXzSXFyS2NbZKXv33FYPol0A=
github.com/opentracing/opentracing-go v1.2.1-0.20220228012449-10b1cf09e00b/go.mod h1:AC62GU6hc0BrNm+9RK9VSiwa/EUe1bkIeFORAMcHvJU=
github.com/oschwald/geoip2-golang v1.8.0 h1:KfjYB8ojCEn/QLqsDU0AzrJ3R5Qa9vFlx3z6SLNcKTs=
github.com/oschwald/geoip2-golang v1.8.0/go.mod h1:R7bRvYjOeaoenAp9sKRS8GX5bJWcZ0laWO5+DauEktw=
github.com/oschwald/maxminddb-golang v1.10.0 h1:Xp1u0ZhqkSuopaKmk1WwHtjF0H9Hd9181uj2MQ5Vndg=
github.com/oschwald/maxminddb-golang v1.10.0/go.mod h1:Y2ELenReaLAZ0b400URyGwvYxHV1dLIxBuyOsyYjHK0=
github.com/panjf2000/ants/v2 v2.7.3 h1:rHQ0hH0DQvuNUqqlWIMJtkMcDuL1uQAfpX2mIhQ5/s0=
github.com/panjf2000/ants/v2 v2.7.3/go.mod h1:KIBmYG9QQX5U2qzFP/yQJaq/nSb6rahS9iEHkrCMgM8=
github.com/pelletier/go-toml/v2 v2.0.6 h1:nrzqCb7j9cDFj2coyLNLaZuJTLjWjlaz6nvTvIwycIU=
github.com/pelletier/go-toml/v2 v2.0.6/go.mod h1:eumQOmlWiOPt5WriQQqoM5y18pDHwha2N+QD+EUNTek=
github.com/pkg/errors v0.9.1 h1:FEBLx1zS214owpjy7qsBeixbURkuhQAwrK5UwLGTwt4=
github.com/pkg/errors v0.9.1/go.mod h1:bwawxfHBFNV+L2hUp1rHADufV3IMtnDRdf1r5NINEl0=
github.com/pmezard/go-difflib v1.0.0 h1:4DBwDE0NGyQoBHbLQYPwSUPoCMWR5BEzIk/f1lZbAQM=
github.com/pmezard/go-difflib v1.0.0/go.mod h1:iKH77koFhYxTK1pcRnkKkqfTogsbg7gZNVY4sRDYZ/4=
github.com/rabbitmq/amqp091-go v1.8.1 h1:RejT1SBUim5doqcL6s7iN6SBmsQqyTgXb1xMlH0h1hA=
github.com/rabbitmq/amqp091-go v1.8.1/go.mod h1:+jPrT9iY2eLjRaMSRHUhc3z14E/l85kv/f+6luSD3pc=
github.com/redis/go-redis/v9 v9.0.4 h1:FC82T+CHJ/Q/PdyLW++GeCO+Ol59Y4T7R4jbgjvktgc=
github.com/redis/go-redis/v9 v9.0.4/go.mod h1:WqMKv5vnQbRuZstUwxQI195wHy+t4PuXDOjzMvcuQHk=
github.com/robfig/cron/v3 v3.0.1 h1:WdRxkvbJztn8LMz/QEvLN5sBU+xKpSqwwUO1Pjr4qDs=
github.com/robfig/cron/v3 v3.0.1/go.mod h1:eQICP3HwyT7UooqI/z+Ov+PtYAWygg1TEWWzGIFLtro=
github.com/rogpeppe/go-internal v1.8.0 h1:FCbCCtXNOY3UtUuHUYaghJg4y7Fd14rXifAYUAtL9R8=
github.com/russross/blackfriday/v2 v2.1.0/go.mod h1:+Rmxgy9KzJVeS9/2gXHxylqXiyQDYRxCVz55jmeOWTM=
github.com/satori/go.uuid v1.2.0 h1:0uYX9dsZ2yD7q2RtLRtPSdGDWzjeM3TbMJP9utgA0ww=
github.com/satori/go.uuid v1.2.0/go.mod h1:dA0hQrYB0VpLJoorglMZABFdXlWrHn1NEOzdhQKdks0=
github.com/shopspring/decimal v1.3.1 h1:2Usl1nmF/WZucqkFZhnfFYxxxu8LG21F6nPQBE5gKV8=
github.com/shopspring/decimal v1.3.1/go.mod h1:DKyhrW/HYNuLGql+MJL6WCR6knT2jwCFRcu2hWCYk4o=
github.com/sirupsen/logrus v1.9.0 h1:trlNQbNUG3OdDrDil03MCb1H2o9nJ1x4/5LYw7byDE0=
github.com/sirupsen/logrus v1.9.0/go.mod h1:naHLuLoDiP4jHNo9R0sCBMtWGeIprob74mVsIT4qYEQ=
github.com/smartwalle/alipay/v3 v3.2.11 h1:OGljVIMt8GHW275DavgoMwTpgTsJcBzBmeQuNyizzls=
github.com/smartwalle/alipay/v3 v3.2.11/go.mod h1:qrZdNalF0cx8zRldQAZ9r4nqsbqWeZXps27i+GPMEa0=
github.com/smartwalle/ncrypto v1.0.2 h1:pTAhCqtPCMhpOwFXX+EcMdR6PNzruBNoGQrN2S1GbGI=
github.com/smartwalle/ncrypto v1.0.2/go.mod h1:Dwlp6sfeNaPMnOxMNayMTacvC5JGEVln3CVdiVDgbBk=
github.com/smartwalle/nsign v1.0.8 h1:78KWtwKPrdt4Xsn+tNEBVxaTLIJBX9YRX0ZSrMUeuHo=
github.com/smartwalle/nsign v1.0.8/go.mod h1:eY6I4CJlyNdVMP+t6z1H6Jpd4m5/V+8xi44ufSTxXgc=
github.com/sony/sonyflake v1.1.0 h1:wnrEcL3aOkWmPlhScLEGAXKkLAIslnBteNUq4Bw6MM4=
github.com/sony/sonyflake v1.1.0/go.mod h1:LORtCywH/cq10ZbyfhKrHYgAUGH7mOBa76enV9txy/Y=
github.com/spf13/cast v1.5.0 h1:rj3WzYc11XZaIZMPKmwP96zkFEnnAmV8s6XbB2aY32w=
github.com/spf13/cast v1.5.0/go.mod h1:SpXXQ5YoyJw6s3/6cMTQuxvgRl3PCJiyaX9p6b155UU=
github.com/spf13/cobra v1.7.0 h1:hyqWnYt1ZQShIddO5kBpj3vu05/++x6tJ6dg8EC572I=
github.com/spf13/cobra v1.7.0/go.mod h1:uLxZILRyS/50WlhOIKD7W6V5bgeIt+4sICxh6uRMrb0=
github.com/spf13/pflag v1.0.5 h1:iy+VFUOCP1a+8yFto/drg2CJ5u0yRoB7fZw3DKv/JXA=
github.com/spf13/pflag v1.0.5/go.mod h1:McXfInJRrz4CZXVZOBLb0bTZqETkiAhM9Iw0y3An2Bg=
github.com/stretchr/objx v0.1.0/go.mod h1:HFkY916IF+rwdDfMAkV7OtwuqBVzrE8GR6GFx+wExME=
github.com/stretchr/objx v0.4.0/go.mod h1:YvHI0jy2hoMjB+UWwv71VJQ9isScKT/TqJzVSSt89Yw=
github.com/stretchr/objx v0.5.0/go.mod h1:Yh+to48EsGEfYuaHDzXPcE3xhTkx73EhmCGUpEOglKo=
github.com/stretchr/testify v1.3.0/go.mod h1:M5WIy9Dh21IEIfnGCwXGc5bZfKNJtfHm1UVUgZn+9EI=
github.com/stretchr/testify v1.6.1/go.mod h1:6Fq8oRcR53rry900zMqJjRRixrwX3KX962/h/Wwjteg=
github.com/stretchr/testify v1.7.0/go.mod h1:6Fq8oRcR53rry900zMqJjRRixrwX3KX962/h/Wwjteg=
github.com/stretchr/testify v1.7.1/go.mod h1:6Fq8oRcR53rry900zMqJjRRixrwX3KX962/h/Wwjteg=
github.com/stretchr/testify v1.8.0/go.mod h1:yNjHg4UonilssWZ8iaSj1OCr/vHnekPRkoO+kdMU+MU=
github.com/stretchr/testify v1.8.1/go.mod h1:w2LPCIKwWwSfY2zedu0+kehJoqGctiVI29o6fzry7u4=
github.com/stretchr/testify v1.8.2 h1:+h33VjcLVPDHtOdpUCuF+7gSuG3yGIftsP1YvFihtJ8=
github.com/twitchyliquid64/golang-asm v0.15.1 h1:SU5vSMR7hnwNxj24w34ZyCi/FmDZTkS4MhqMhdFk5YI=
github.com/twitchyliquid64/golang-asm v0.15.1/go.mod h1:a1lVb/DtPvCB8fslRZhAngC2+aY1QWCk3Cedj/Gdt08=
github.com/uber/jaeger-client-go v2.30.0+incompatible h1:D6wyKGCecFaSRUpo8lCVbaOOb6ThwMmTEbhRwtKR97o=
github.com/uber/jaeger-client-go v2.30.0+incompatible/go.mod h1:WVhlPFC8FDjOFMMWRy2pZqQJSXxYSwNYOkTr/Z6d3Kk=
github.com/uber/jaeger-lib v2.4.1+incompatible h1:td4jdvLcExb4cBISKIpHuGoVXh+dVKhn2Um6rjCsSsg=
github.com/uber/jaeger-lib v2.4.1+incompatible/go.mod h1:ComeNDZlWwrWnDv8aPp0Ba6+uUTzImX/AauajbLI56U=
github.com/ugorji/go/codec v1.2.9 h1:rmenucSohSTiyL09Y+l2OCk+FrMxGMzho2+tjr5ticU=
github.com/ugorji/go/codec v1.2.9/go.mod h1:UNopzCgEMSXjBc6AOMqYvWC1ktqTAfzJZUZgYf6w6lg=
go.uber.org/atomic v1.7.0/go.mod h1:fEN4uk6kAWBTFdckzkM89CLk9XfWZrxpCo0nPH17wJc=
go.uber.org/atomic v1.9.0 h1:ECmE8Bn/WFTYwEW/bpKD3M8VtR/zQVbavAoalC1PYyE=
go.uber.org/atomic v1.9.0/go.mod h1:fEN4uk6kAWBTFdckzkM89CLk9XfWZrxpCo0nPH17wJc=
go.uber.org/goleak v1.2.1 h1:NBol2c7O1ZokfZ0LEU9K6Whx/KnwvepVetCUhtKja4A=
go.uber.org/goleak v1.2.1/go.mod h1:qlT2yGI9QafXHhZZLxlSuNsMw3FFLxBr+tBRlmO1xH4=
go.uber.org/multierr v1.8.0 h1:dg6GjLku4EH+249NNmoIciG9N/jURbDG+pFlTkhzIC8=
go.uber.org/multierr v1.8.0/go.mod h1:7EAYxJLBy9rStEaz58O2t4Uvip6FSURkq8/ppBp95ak=
go.uber.org/zap v1.24.0 h1:FiJd5l1UOLj0wCgbSE0rwwXHzEdAZS6hiiSnxJN/D60=
go.uber.org/zap v1.24.0/go.mod h1:2kMP+WWQ8aoFoedH3T2sq6iJ2yDWpHbP0f6MQbS9Gkg=
golang.org/x/arch v0.0.0-20210923205945-b76863e36670 h1:18EFjUmQOcUvxNYSkA6jO9VAiXCnxFY6NyDX0bHDmkU=
golang.org/x/arch v0.0.0-20210923205945-b76863e36670/go.mod h1:5om86z9Hs0C8fWVUuoMHwpExlXzs5Tkyp9hOrfG7pp8=
golang.org/x/crypto v0.8.0 h1:pd9TJtTueMTVQXzk8E2XESSMQDj/U7OUu0PqJqPXQjQ=
golang.org/x/crypto v0.8.0/go.mod h1:mRqEX+O9/h5TFCrQhkgjo2yKi0yYA+9ecGkdQoHrywE=
golang.org/x/image v0.0.0-20190501045829-6d32002ffd75/go.mod h1:kZ7UVZpmo3dzQBMxlp+ypCbDeSB+sBbTgSJuh5dn5js=
golang.org/x/image v0.0.0-20190802002840-cff245a6509b h1:+qEpEAPhDZ1o0x3tHzZTQDArnOixOzGD9HUJfcg0mb4=
golang.org/x/image v0.0.0-20190802002840-cff245a6509b/go.mod h1:FeLwcggjj3mMvU+oOTbSwawSJRM1uh48EjtB4UJZlP0=
golang.org/x/net v0.9.0 h1:aWJ/m6xSmxWBx+V0XRHTlrYrPG56jKsLdTFmsSsCzOM=
golang.org/x/net v0.9.0/go.mod h1:d48xBJpPfHeWQsugry2m+kC02ZBRGRgulfHnEXEuWns=
golang.org/x/sync v0.1.0 h1:wsuoTGHzEhffawBOhz5CYhcrV4IdKZbEyZjBMuTp12o=
golang.org/x/sync v0.1.0/go.mod h1:RxMgew5VJxzue5/jJTE5uejpjVlOe/izrB70Jof72aM=
golang.org/x/sys v0.0.0-20220715151400-c0bba94af5f8/go.mod h1:oPkhp1MJrh7nUepCBck5+mAzfO9JrbApNNgaTdGDITg=
golang.org/x/sys v0.0.0-20220811171246-fbc7d0a398ab/go.mod h1:oPkhp1MJrh7nUepCBck5+mAzfO9JrbApNNgaTdGDITg=
golang.org/x/sys v0.7.0 h1:3jlCCIQZPdOYu1h8BkNvLz8Kgwtae2cagcG/VamtZRU=
golang.org/x/sys v0.7.0/go.mod h1:oPkhp1MJrh7nUepCBck5+mAzfO9JrbApNNgaTdGDITg=
golang.org/x/text v0.3.0/go.mod h1:NqM8EUOU14njkJ3fqMW+pc6Ldnwhi/IjpwHt7yyuwOQ=
golang.org/x/text v0.9.0 h1:2sjJmO8cDvYveuX97RDLsxlyUxLl+GHoLxBiRdHllBE=
golang.org/x/text v0.9.0/go.mod h1:e1OnstbJyHTd6l/uOt8jFFHp6TRDWZR/bV3emEE/zU8=
golang.org/x/xerrors v0.0.0-20191204190536-9bdfabe68543/go.mod h1:I/5z698sn9Ka8TeJc9MKroUUfqBBauWjQqLJ2OPfmY0=
google.golang.org/protobuf v1.26.0-rc.1/go.mod h1:jlhhOSvTdKEhbULTjvd4ARK9grFBp09yW+WbY/TyQbw=
google.golang.org/protobuf v1.30.0 h1:kPPoIgf3TsEvrm0PFe15JQ+570QVxYzEvvHqChK+cng=
google.golang.org/protobuf v1.30.0/go.mod h1:HV8QOd/L58Z+nl8r43ehVNZIU/HEI6OcFqwMG9pJV4I=
gopkg.in/check.v1 v0.0.0-20161208181325-20d25e280405/go.mod h1:Co6ibVJAznAaIkqp8huTwlJQCZ016jof/cbN4VW5Yz0=
gopkg.in/check.v1 v1.0.0-20180628173108-788fd7840127/go.mod h1:Co6ibVJAznAaIkqp8huTwlJQCZ016jof/cbN4VW5Yz0=
gopkg.in/check.v1 v1.0.0-20201130134442-10cb98267c6c h1:Hei/4ADfdWqJk1ZMxUNpqntNwaWcugrBjAiHlqqRiVk=
gopkg.in/ini.v1 v1.66.2 h1:XfR1dOYubytKy4Shzc2LHrrGhU0lDCfDGG1yLPmpgsI=
gopkg.in/ini.v1 v1.66.2/go.mod h1:pNLf8WUiyNEtQjuu5G5vTm06TEv9tsIgeAvK8hOrP4k=
gopkg.in/natefinch/lumberjack.v2 v2.2.1 h1:bBRl1b0OH9s/DuPhuXpNl+VtCaJXFZ5/uEFST95x9zc=
gopkg.in/natefinch/lumberjack.v2 v2.2.1/go.mod h1:YD8tP3GAjkrDg1eZH7EGmyESg/lsYskCTPBJVb9jqSc=
gopkg.in/yaml.v3 v3.0.0-20200313102051-9f266ea9e77c/go.mod h1:K4uyk7z7BCEPqu6E+C64Yfv1cQ7kz7rIZviUmN+EgEM=
gopkg.in/yaml.v3 v3.0.0-20210107192922-496545a6307b/go.mod h1:K4uyk7z7BCEPqu6E+C64Yfv1cQ7kz7rIZviUmN+EgEM=
gopkg.in/yaml.v3 v3.0.1 h1:fxVm/GzAzEWqLHuvctI91KS9hhNmmWOoWu0XTYJS7CA=
gopkg.in/yaml.v3 v3.0.1/go.mod h1:K4uyk7z7BCEPqu6E+C64Yfv1cQ7kz7rIZviUmN+EgEM=
rsc.io/pdf v0.1.1/go.mod h1:n8OzWcQ6Sp37PL01nO98y4iUCRdTGarVfzxY20ICaU4=
